// !$*UTF8*$!
{
	archiveVersion = 1;
	classes = {
	};
	objectVersion = 50;
	objects = {

/* Begin PBXBuildFile section */
		4D2EFA3A24DBF56A005BCC17 /* SourceBlock.m in Sources */ = {isa = PBXBuildFile; fileRef = 4D2EFA3924DBF56A005BCC17 /* SourceBlock.m */; };
		4D3AF18A2684673900917658 /* Runtime_MsgSend.m in Sources */ = {isa = PBXBuildFile; fileRef = 4D3AF1892684673900917658 /* Runtime_MsgSend.m */; };
		4D3AF18F2684808900917658 /* UIButton+button.m in Sources */ = {isa = PBXBuildFile; fileRef = 4D3AF18E2684808900917658 /* UIButton+button.m */; };
		4D50F21324ADCDE500CD0EE6 /* AppDelegate.m in Sources */ = {isa = PBXBuildFile; fileRef = 4D50F21224ADCDE500CD0EE6 /* AppDelegate.m */; };
		4D50F21624ADCDE500CD0EE6 /* SceneDelegate.m in Sources */ = {isa = PBXBuildFile; fileRef = 4D50F21524ADCDE500CD0EE6 /* SceneDelegate.m */; };
		4D50F21924ADCDE500CD0EE6 /* ViewController.m in Sources */ = {isa = PBXBuildFile; fileRef = 4D50F21824ADCDE500CD0EE6 /* ViewController.m */; };
		4D50F21C24ADCDE500CD0EE6 /* Main.storyboard in Resources */ = {isa = PBXBuildFile; fileRef = 4D50F21A24ADCDE500CD0EE6 /* Main.storyboard */; };
		4D50F21E24ADCDE600CD0EE6 /* Assets.xcassets in Resources */ = {isa = PBXBuildFile; fileRef = 4D50F21D24ADCDE600CD0EE6 /* Assets.xcassets */; };
		4D50F22124ADCDE600CD0EE6 /* LaunchScreen.storyboard in Resources */ = {isa = PBXBuildFile; fileRef = 4D50F21F24ADCDE600CD0EE6 /* LaunchScreen.storyboard */; };
		4D50F22424ADCDE600CD0EE6 /* main.m in Sources */ = {isa = PBXBuildFile; fileRef = 4D50F22324ADCDE600CD0EE6 /* main.m */; };
		4D50F22E24ADCDE600CD0EE6 /* RuntimeDemoTests.m in Sources */ = {isa = PBXBuildFile; fileRef = 4D50F22D24ADCDE600CD0EE6 /* RuntimeDemoTests.m */; };
		4D50F23D24ADCF5800CD0EE6 /* UIImage+image.m in Sources */ = {isa = PBXBuildFile; fileRef = 4D50F23C24ADCF5800CD0EE6 /* UIImage+image.m */; };
		4D50F24024ADD80F00CD0EE6 /* Cat.m in Sources */ = {isa = PBXBuildFile; fileRef = 4D50F23F24ADD80F00CD0EE6 /* Cat.m */; };
		4DCBB9A42682D64D00462E85 /* UIImage+Test.m in Sources */ = {isa = PBXBuildFile; fileRef = 4DCBB9A32682D64D00462E85 /* UIImage+Test.m */; };
/* End PBXBuildFile section */

/* Begin PBXContainerItemProxy section */
		4D50F22A24ADCDE600CD0EE6 /* PBXContainerItemProxy */ = {
			isa = PBXContainerItemProxy;
			containerPortal = 4D50F20624ADCDE500CD0EE6 /* Project object */;
			proxyType = 1;
			remoteGlobalIDString = 4D50F20D24ADCDE500CD0EE6;
			remoteInfo = RuntimeDemo;
		};
/* End PBXContainerItemProxy section */

/* Begin PBXFileReference section */
		4D2EFA3824DBF56A005BCC17 /* SourceBlock.h */ = {isa = PBXFileReference; lastKnownFileType = sourcecode.c.h; path = SourceBlock.h; sourceTree = "<group>"; };
		4D2EFA3924DBF56A005BCC17 /* SourceBlock.m */ = {isa = PBXFileReference; lastKnownFileType = sourcecode.c.objc; path = SourceBlock.m; sourceTree = "<group>"; };
		4D3AF1882684673900917658 /* Runtime_MsgSend.h */ = {isa = PBXFileReference; lastKnownFileType = sourcecode.c.h; path = Runtime_MsgSend.h; sourceTree = "<group>"; };
		4D3AF1892684673900917658 /* Runtime_MsgSend.m */ = {isa = PBXFileReference; lastKnownFileType = sourcecode.c.objc; path = Runtime_MsgSend.m; sourceTree = "<group>"; };
		4D3AF18D2684808900917658 /* UIButton+button.h */ = {isa = PBXFileReference; lastKnownFileType = sourcecode.c.h; path = "UIButton+button.h"; sourceTree = "<group>"; };
		4D3AF18E2684808900917658 /* UIButton+button.m */ = {isa = PBXFileReference; lastKnownFileType = sourcecode.c.objc; path = "UIButton+button.m"; sourceTree = "<group>"; };
		4D50F20E24ADCDE500CD0EE6 /* RuntimeDemo.app */ = {isa = PBXFileReference; explicitFileType = wrapper.application; includeInIndex = 0; path = RuntimeDemo.app; sourceTree = BUILT_PRODUCTS_DIR; };
		4D50F21124ADCDE500CD0EE6 /* AppDelegate.h */ = {isa = PBXFileReference; lastKnownFileType = sourcecode.c.h; path = AppDelegate.h; sourceTree = "<group>"; };
		4D50F21224ADCDE500CD0EE6 /* AppDelegate.m */ = {isa = PBXFileReference; lastKnownFileType = sourcecode.c.objc; path = AppDelegate.m; sourceTree = "<group>"; };
		4D50F21424ADCDE500CD0EE6 /* SceneDelegate.h */ = {isa = PBXFileReference; lastKnownFileType = sourcecode.c.h; path = SceneDelegate.h; sourceTree = "<group>"; };
		4D50F21524ADCDE500CD0EE6 /* SceneDelegate.m */ = {isa = PBXFileReference; lastKnownFileType = sourcecode.c.objc; path = SceneDelegate.m; sourceTree = "<group>"; };
		4D50F21724ADCDE500CD0EE6 /* ViewController.h */ = {isa = PBXFileReference; lastKnownFileType = sourcecode.c.h; path = ViewController.h; sourceTree = "<group>"; };
		4D50F21824ADCDE500CD0EE6 /* ViewController.m */ = {isa = PBXFileReference; lastKnownFileType = sourcecode.c.objc; path = ViewController.m; sourceTree = "<group>"; };
		4D50F21B24ADCDE500CD0EE6 /* Base */ = {isa = PBXFileReference; lastKnownFileType = file.storyboard; name = Base; path = Base.lproj/Main.storyboard; sourceTree = "<group>"; };
		4D50F21D24ADCDE600CD0EE6 /* Assets.xcassets */ = {isa = PBXFileReference; lastKnownFileType = folder.assetcatalog; path = Assets.xcassets; sourceTree = "<group>"; };
		4D50F22024ADCDE600CD0EE6 /* Base */ = {isa = PBXFileReference; lastKnownFileType = file.storyboard; name = Base; path = Base.lproj/LaunchScreen.storyboard; sourceTree = "<group>"; };
		4D50F22224ADCDE600CD0EE6 /* Info.plist */ = {isa = PBXFileReference; lastKnownFileType = text.plist.xml; path = Info.plist; sourceTree = "<group>"; };
		4D50F22324ADCDE600CD0EE6 /* main.m */ = {isa = PBXFileReference; lastKnownFileType = sourcecode.c.objc; path = main.m; sourceTree = "<group>"; };
		4D50F22924ADCDE600CD0EE6 /* RuntimeDemoTests.xctest */ = {isa = PBXFileReference; explicitFileType = wrapper.cfbundle; includeInIndex = 0; path = RuntimeDemoTests.xctest; sourceTree = BUILT_PRODUCTS_DIR; };
		4D50F22D24ADCDE600CD0EE6 /* RuntimeDemoTests.m */ = {isa = PBXFileReference; lastKnownFileType = sourcecode.c.objc; path = RuntimeDemoTests.m; sourceTree = "<group>"; };
		4D50F22F24ADCDE600CD0EE6 /* Info.plist */ = {isa = PBXFileReference; lastKnownFileType = text.plist.xml; path = Info.plist; sourceTree = "<group>"; };
		4D50F23B24ADCF5800CD0EE6 /* UIImage+image.h */ = {isa = PBXFileReference; lastKnownFileType = sourcecode.c.h; path = "UIImage+image.h"; sourceTree = "<group>"; };
		4D50F23C24ADCF5800CD0EE6 /* UIImage+image.m */ = {isa = PBXFileReference; lastKnownFileType = sourcecode.c.objc; path = "UIImage+image.m"; sourceTree = "<group>"; };
		4D50F23E24ADD80F00CD0EE6 /* Cat.h */ = {isa = PBXFileReference; lastKnownFileType = sourcecode.c.h; path = Cat.h; sourceTree = "<group>"; };
		4D50F23F24ADD80F00CD0EE6 /* Cat.m */ = {isa = PBXFileReference; lastKnownFileType = sourcecode.c.objc; path = Cat.m; sourceTree = "<group>"; };
		4DCBB9A22682D64D00462E85 /* UIImage+Test.h */ = {isa = PBXFileReference; lastKnownFileType = sourcecode.c.h; path = "UIImage+Test.h"; sourceTree = "<group>"; };
		4DCBB9A32682D64D00462E85 /* UIImage+Test.m */ = {isa = PBXFileReference; lastKnownFileType = sourcecode.c.objc; path = "UIImage+Test.m"; sourceTree = "<group>"; };
/* End PBXFileReference section */

/* Begin PBXFrameworksBuildPhase section */
		4D50F20B24ADCDE500CD0EE6 /* Frameworks */ = {
			isa = PBXFrameworksBuildPhase;
			buildActionMask = 2147483647;
			files = (
			);
			runOnlyForDeploymentPostprocessing = 0;
		};
		4D50F22624ADCDE600CD0EE6 /* Frameworks */ = {
			isa = PBXFrameworksBuildPhase;
			buildActionMask = 2147483647;
			files = (
			);
			runOnlyForDeploymentPostprocessing = 0;
		};
/* End PBXFrameworksBuildPhase section */

/* Begin PBXGroup section */
		4D50F20524ADCDE500CD0EE6 = {
			isa = PBXGroup;
			children = (
				4D50F21024ADCDE500CD0EE6 /* RuntimeDemo */,
				4D50F22C24ADCDE600CD0EE6 /* RuntimeDemoTests */,
				4D50F20F24ADCDE500CD0EE6 /* Products */,
			);
			sourceTree = "<group>";
		};
		4D50F20F24ADCDE500CD0EE6 /* Products */ = {
			isa = PBXGroup;
			children = (
				4D50F20E24ADCDE500CD0EE6 /* RuntimeDemo.app */,
				4D50F22924ADCDE600CD0EE6 /* RuntimeDemoTests.xctest */,
			);
			name = Products;
			sourceTree = "<group>";
		};
		4D50F21024ADCDE500CD0EE6 /* RuntimeDemo */ = {
			isa = PBXGroup;
			children = (
				4D50F21124ADCDE500CD0EE6 /* AppDelegate.h */,
				4D50F21224ADCDE500CD0EE6 /* AppDelegate.m */,
				4D50F21424ADCDE500CD0EE6 /* SceneDelegate.h */,
				4D50F21524ADCDE500CD0EE6 /* SceneDelegate.m */,
				4D50F21724ADCDE500CD0EE6 /* ViewController.h */,
				4D50F21824ADCDE500CD0EE6 /* ViewController.m */,
				4D3AF1882684673900917658 /* Runtime_MsgSend.h */,
				4D3AF1892684673900917658 /* Runtime_MsgSend.m */,
				4D50F23E24ADD80F00CD0EE6 /* Cat.h */,
				4D50F23F24ADD80F00CD0EE6 /* Cat.m */,
				4D2EFA3824DBF56A005BCC17 /* SourceBlock.h */,
				4D2EFA3924DBF56A005BCC17 /* SourceBlock.m */,
				4D50F23B24ADCF5800CD0EE6 /* UIImage+image.h */,
				4D50F23C24ADCF5800CD0EE6 /* UIImage+image.m */,
				4D3AF18D2684808900917658 /* UIButton+button.h */,
				4D3AF18E2684808900917658 /* UIButton+button.m */,
				4DCBB9A22682D64D00462E85 /* UIImage+Test.h */,
				4DCBB9A32682D64D00462E85 /* UIImage+Test.m */,
				4D50F21A24ADCDE500CD0EE6 /* Main.storyboard */,
				4D50F21D24ADCDE600CD0EE6 /* Assets.xcassets */,
				4D50F21F24ADCDE600CD0EE6 /* LaunchScreen.storyboard */,
				4D50F22224ADCDE600CD0EE6 /* Info.plist */,
				4D50F22324ADCDE600CD0EE6 /* main.m */,
			);
			path = RuntimeDemo;
			sourceTree = "<group>";
		};
		4D50F22C24ADCDE600CD0EE6 /* RuntimeDemoTests */ = {
			isa = PBXGroup;
			children = (
				4D50F22D24ADCDE600CD0EE6 /* RuntimeDemoTests.m */,
				4D50F22F24ADCDE600CD0EE6 /* Info.plist */,
			);
			path = RuntimeDemoTests;
			sourceTree = "<group>";
		};
/* End PBXGroup section */

/* Begin PBXNativeTarget section */
		4D50F20D24ADCDE500CD0EE6 /* RuntimeDemo */ = {
			isa = PBXNativeTarget;
			buildConfigurationList = 4D50F23224ADCDE600CD0EE6 /* Build configuration list for PBXNativeTarget "RuntimeDemo" */;
			buildPhases = (
				4D50F20A24ADCDE500CD0EE6 /* Sources */,
				4D50F20B24ADCDE500CD0EE6 /* Frameworks */,
				4D50F20C24ADCDE500CD0EE6 /* Resources */,
			);
			buildRules = (
			);
			dependencies = (
			);
			name = RuntimeDemo;
			productName = RuntimeDemo;
			productReference = 4D50F20E24ADCDE500CD0EE6 /* RuntimeDemo.app */;
			productType = "com.apple.product-type.application";
		};
		4D50F22824ADCDE600CD0EE6 /* RuntimeDemoTests */ = {
			isa = PBXNativeTarget;
			buildConfigurationList = 4D50F23524ADCDE600CD0EE6 /* Build configuration list for PBXNativeTarget "RuntimeDemoTests" */;
			buildPhases = (
				4D50F22524ADCDE600CD0EE6 /* Sources */,
				4D50F22624ADCDE600CD0EE6 /* Frameworks */,
				4D50F22724ADCDE600CD0EE6 /* Resources */,
			);
			buildRules = (
			);
			dependencies = (
				4D50F22B24ADCDE600CD0EE6 /* PBXTargetDependency */,
			);
			name = RuntimeDemoTests;
			productName = RuntimeDemoTests;
			productReference = 4D50F22924ADCDE600CD0EE6 /* RuntimeDemoTests.xctest */;
			productType = "com.apple.product-type.bundle.unit-test";
		};
/* End PBXNativeTarget section */

/* Begin PBXProject section */
		4D50F20624ADCDE500CD0EE6 /* Project object */ = {
			isa = PBXProject;
			attributes = {
				LastUpgradeCheck = 1100;
				ORGANIZATIONNAME = tayo.com;
				TargetAttributes = {
					4D50F20D24ADCDE500CD0EE6 = {
						CreatedOnToolsVersion = 11.0;
					};
					4D50F22824ADCDE600CD0EE6 = {
						CreatedOnToolsVersion = 11.0;
						TestTargetID = 4D50F20D24ADCDE500CD0EE6;
					};
				};
			};
			buildConfigurationList = 4D50F20924ADCDE500CD0EE6 /* Build configuration list for PBXProject "RuntimeDemo" */;
			compatibilityVersion = "Xcode 9.3";
			developmentRegion = en;
			hasScannedForEncodings = 0;
			knownRegions = (
				en,
				Base,
			);
			mainGroup = 4D50F20524ADCDE500CD0EE6;
			productRefGroup = 4D50F20F24ADCDE500CD0EE6 /* Products */;
			projectDirPath = "";
			projectRoot = "";
			targets = (
				4D50F20D24ADCDE500CD0EE6 /* RuntimeDemo */,
				4D50F22824ADCDE600CD0EE6 /* RuntimeDemoTests */,
			);
		};
/* End PBXProject section */

/* Begin PBXResourcesBuildPhase section */
		4D50F20C24ADCDE500CD0EE6 /* Resources */ = {
			isa = PBXResourcesBuildPhase;
			buildActionMask = 2147483647;
			files = (
				4D50F22124ADCDE600CD0EE6 /* LaunchScreen.storyboard in Resources */,
				4D50F21E24ADCDE600CD0EE6 /* Assets.xcassets in Resources */,
				4D50F21C24ADCDE500CD0EE6 /* Main.storyboard in Resources */,
			);
			runOnlyForDeploymentPostprocessing = 0;
		};
		4D50F22724ADCDE600CD0EE6 /* Resources */ = {
			isa = PBXResourcesBuildPhase;
			buildActionMask = 2147483647;
			files = (
			);
			runOnlyForDeploymentPostprocessing = 0;
		};
/* End PBXResourcesBuildPhase section */

/* Begin PBXSourcesBuildPhase section */
		4D50F20A24ADCDE500CD0EE6 /* Sources */ = {
			isa = PBXSourcesBuildPhase;
			buildActionMask = 2147483647;
			files = (
				4D2EFA3A24DBF56A005BCC17 /* SourceBlock.m in Sources */,
				4D50F24024ADD80F00CD0EE6 /* Cat.m in Sources */,
				4D50F21924ADCDE500CD0EE6 /* ViewController.m in Sources */,
				4D3AF18F2684808900917658 /* UIButton+button.m in Sources */,
				4D50F21324ADCDE500CD0EE6 /* AppDelegate.m in Sources */,
				4D50F23D24ADCF5800CD0EE6 /* UIImage+image.m in Sources */,
				4DCBB9A42682D64D00462E85 /* UIImage+Test.m in Sources */,
				4D50F22424ADCDE600CD0EE6 /* main.m in Sources */,
				4D50F21624ADCDE500CD0EE6 /* SceneDelegate.m in Sources */,
				4D3AF18A2684673900917658 /* Runtime_MsgSend.m in Sources */,
			);
			runOnlyForDeploymentPostprocessing = 0;
		};
		4D50F22524ADCDE600CD0EE6 /* Sources */ = {
			isa = PBXSourcesBuildPhase;
			buildActionMask = 2147483647;
			files = (
				4D50F22E24ADCDE600CD0EE6 /* RuntimeDemoTests.m in Sources */,
			);
			runOnlyForDeploymentPostprocessing = 0;
		};
/* End PBXSourcesBuildPhase section */

/* Begin PBXTargetDependency section */
		4D50F22B24ADCDE600CD0EE6 /* PBXTargetDependency */ = {
			isa = PBXTargetDependency;
			target = 4D50F20D24ADCDE500CD0EE6 /* RuntimeDemo */;
			targetProxy = 4D50F22A24ADCDE600CD0EE6 /* PBXContainerItemProxy */;
		};
/* End PBXTargetDependency section */

/* Begin PBXVariantGroup section */
		4D50F21A24ADCDE500CD0EE6 /* Main.storyboard */ = {
			isa = PBXVariantGroup;
			children = (
				4D50F21B24ADCDE500CD0EE6 /* Base */,
			);
			name = Main.storyboard;
			sourceTree = "<group>";
		};
		4D50F21F24ADCDE600CD0EE6 /* LaunchScreen.storyboard */ = {
			isa = PBXVariantGroup;
			children = (
				4D50F22024ADCDE600CD0EE6 /* Base */,
			);
			name = LaunchScreen.storyboard;
			sourceTree = "<group>";
		};
/* End PBXVariantGroup section */

/* Begin XCBuildConfiguration section */
		4D50F23024ADCDE600CD0EE6 /* Debug */ = {
			isa = XCBuildConfiguration;
			buildSettings = {
				ALWAYS_SEARCH_USER_PATHS = NO;
				CLANG_ANALYZER_NONNULL = YES;
				CLANG_ANALYZER_NUMBER_OBJECT_CONVERSION = YES_AGGRESSIVE;
				CLANG_CXX_LANGUAGE_STANDARD = "gnu++14";
				CLANG_CXX_LIBRARY = "libc++";
				CLANG_ENABLE_MODULES = YES;
				CLANG_ENABLE_OBJC_ARC = YES;
				CLANG_ENABLE_OBJC_WEAK = YES;
				CLANG_WARN_BLOCK_CAPTURE_AUTORELEASING = YES;
				CLANG_WARN_BOOL_CONVERSION = YES;
				CLANG_WARN_COMMA = YES;
				CLANG_WARN_CONSTANT_CONVERSION = YES;
				CLANG_WARN_DEPRECATED_OBJC_IMPLEMENTATIONS = YES;
				CLANG_WARN_DIRECT_OBJC_ISA_USAGE = YES_ERROR;
				CLANG_WARN_DOCUMENTATION_COMMENTS = YES;
				CLANG_WARN_EMPTY_BODY = YES;
				CLANG_WARN_ENUM_CONVERSION = YES;
				CLANG_WARN_INFINITE_RECURSION = YES;
				CLANG_WARN_INT_CONVERSION = YES;
				CLANG_WARN_NON_LITERAL_NULL_CONVERSION = YES;
				CLANG_WARN_OBJC_IMPLICIT_RETAIN_SELF = YES;
				CLANG_WARN_OBJC_LITERAL_CONVERSION = YES;
				CLANG_WARN_OBJC_ROOT_CLASS = YES_ERROR;
				CLANG_WARN_RANGE_LOOP_ANALYSIS = YES;
				CLANG_WARN_STRICT_PROTOTYPES = YES;
				CLANG_WARN_SUSPICIOUS_MOVE = YES;
				CLANG_WARN_UNGUARDED_AVAILABILITY = YES_AGGRESSIVE;
				CLANG_WARN_UNREACHABLE_CODE = YES;
				CLANG_WARN__DUPLICATE_METHOD_MATCH = YES;
				COPY_PHASE_STRIP = NO;
				DEBUG_INFORMATION_FORMAT = dwarf;
				ENABLE_STRICT_OBJC_MSGSEND = YES;
				ENABLE_TESTABILITY = YES;
				GCC_C_LANGUAGE_STANDARD = gnu11;
				GCC_DYNAMIC_NO_PIC = NO;
				GCC_NO_COMMON_BLOCKS = YES;
				GCC_OPTIMIZATION_LEVEL = 0;
				GCC_PREPROCESSOR_DEFINITIONS = (
					"DEBUG=1",
					"$(inherited)",
				);
				GCC_WARN_64_TO_32_BIT_CONVERSION = YES;
				GCC_WARN_ABOUT_RETURN_TYPE = YES_ERROR;
				GCC_WARN_UNDECLARED_SELECTOR = YES;
				GCC_WARN_UNINITIALIZED_AUTOS = YES_AGGRESSIVE;
				GCC_WARN_UNUSED_FUNCTION = YES;
				GCC_WARN_UNUSED_VARIABLE = YES;
				IPHONEOS_DEPLOYMENT_TARGET = 13.0;
				MTL_ENABLE_DEBUG_INFO = INCLUDE_SOURCE;
				MTL_FAST_MATH = YES;
				ONLY_ACTIVE_ARCH = YES;
				SDKROOT = iphoneos;
			};
			name = Debug;
		};
		4D50F23124ADCDE600CD0EE6 /* Release */ = {
			isa = XCBuildConfiguration;
			buildSettings = {
				ALWAYS_SEARCH_USER_PATHS = NO;
				CLANG_ANALYZER_NONNULL = YES;
				CLANG_ANALYZER_NUMBER_OBJECT_CONVERSION = YES_AGGRESSIVE;
				CLANG_CXX_LANGUAGE_STANDARD = "gnu++14";
				CLANG_CXX_LIBRARY = "libc++";
				CLANG_ENABLE_MODULES = YES;
				CLANG_ENABLE_OBJC_ARC = YES;
				CLANG_ENABLE_OBJC_WEAK = YES;
				CLANG_WARN_BLOCK_CAPTURE_AUTORELEASING = YES;
				CLANG_WARN_BOOL_CONVERSION = YES;
				CLANG_WARN_COMMA = YES;
				CLANG_WARN_CONSTANT_CONVERSION = YES;
				CLANG_WARN_DEPRECATED_OBJC_IMPLEMENTATIONS = YES;
				CLANG_WARN_DIRECT_OBJC_ISA_USAGE = YES_ERROR;
				CLANG_WARN_DOCUMENTATION_COMMENTS = YES;
				CLANG_WARN_EMPTY_BODY = YES;
				CLANG_WARN_ENUM_CONVERSION = YES;
				CLANG_WARN_INFINITE_RECURSION = YES;
				CLANG_WARN_INT_CONVERSION = YES;
				CLANG_WARN_NON_LITERAL_NULL_CONVERSION = YES;
				CLANG_WARN_OBJC_IMPLICIT_RETAIN_SELF = YES;
				CLANG_WARN_OBJC_LITERAL_CONVERSION = YES;
				CLANG_WARN_OBJC_ROOT_CLASS = YES_ERROR;
				CLANG_WARN_RANGE_LOOP_ANALYSIS = YES;
				CLANG_WARN_STRICT_PROTOTYPES = YES;
				CLANG_WARN_SUSPICIOUS_MOVE = YES;
				CLANG_WARN_UNGUARDED_AVAILABILITY = YES_AGGRESSIVE;
				CLANG_WARN_UNREACHABLE_CODE = YES;
				CLANG_WARN__DUPLICATE_METHOD_MATCH = YES;
				COPY_PHASE_STRIP = NO;
				DEBUG_INFORMATION_FORMAT = "dwarf-with-dsym";
				ENABLE_NS_ASSERTIONS = NO;
				ENABLE_STRICT_OBJC_MSGSEND = YES;
				GCC_C_LANGUAGE_STANDARD = gnu11;
				GCC_NO_COMMON_BLOCKS = YES;
				GCC_WARN_64_TO_32_BIT_CONVERSION = YES;
				GCC_WARN_ABOUT_RETURN_TYPE = YES_ERROR;
				GCC_WARN_UNDECLARED_SELECTOR = YES;
				GCC_WARN_UNINITIALIZED_AUTOS = YES_AGGRESSIVE;
				GCC_WARN_UNUSED_FUNCTION = YES;
				GCC_WARN_UNUSED_VARIABLE = YES;
				IPHONEOS_DEPLOYMENT_TARGET = 13.0;
				MTL_ENABLE_DEBUG_INFO = NO;
				MTL_FAST_MATH = YES;
				SDKROOT = iphoneos;
				VALIDATE_PRODUCT = YES;
			};
			name = Release;
		};
		4D50F23324ADCDE600CD0EE6 /* Debug */ = {
			isa = XCBuildConfiguration;
			buildSettings = {
				ASSETCATALOG_COMPILER_APPICON_NAME = AppIcon;
				CODE_SIGN_STYLE = Automatic;
				DEVELOPMENT_TEAM = WMVPATM78R;
				INFOPLIST_FILE = RuntimeDemo/Info.plist;
				LD_RUNPATH_SEARCH_PATHS = (
					"$(inherited)",
					"@executable_path/Frameworks",
				);
				PRODUCT_BUNDLE_IDENTIFIER = tayo.com.RuntimeDemo;
				PRODUCT_NAME = "$(TARGET_NAME)";
				TARGETED_DEVICE_FAMILY = "1,2";
			};
			name = Debug;
		};
		4D50F23424ADCDE600CD0EE6 /* Release */ = {
			isa = XCBuildConfiguration;
			buildSettings = {
				ASSETCATALOG_COMPILER_APPICON_NAME = AppIcon;
				CODE_SIGN_STYLE = Automatic;
				DEVELOPMENT_TEAM = WMVPATM78R;
				INFOPLIST_FILE = RuntimeDemo/Info.plist;
				LD_RUNPATH_SEARCH_PATHS = (
					"$(inherited)",
					"@executable_path/Frameworks",
				);
				PRODUCT_BUNDLE_IDENTIFIER = tayo.com.RuntimeDemo;
				PRODUCT_NAME = "$(TARGET_NAME)";
				TARGETED_DEVICE_FAMILY = "1,2";
			};
			name = Release;
		};
		4D50F23624ADCDE600CD0EE6 /* Debug */ = {
			isa = XCBuildConfiguration;
			buildSettings = {
				BUNDLE_LOADER = "$(TEST_HOST)";
				CODE_SIGN_STYLE = Automatic;
				DEVELOPMENT_TEAM = WMVPATM78R;
				INFOPLIST_FILE = RuntimeDemoTests/Info.plist;
				IPHONEOS_DEPLOYMENT_TARGET = 13.0;
				LD_RUNPATH_SEARCH_PATHS = (
					"$(inherited)",
					"@executable_path/Frameworks",
					"@loader_path/Frameworks",
				);
				PRODUCT_BUNDLE_IDENTIFIER = tayo.com.RuntimeDemoTests;
				PRODUCT_NAME = "$(TARGET_NAME)";
				TARGETED_DEVICE_FAMILY = "1,2";
				TEST_HOST = "$(BUILT_PRODUCTS_DIR)/RuntimeDemo.app/RuntimeDemo";
			};
			name = Debug;
		};
		4D50F23724ADCDE600CD0EE6 /* Release */ = {
			isa = XCBuildConfiguration;
			buildSettings = {
				BUNDLE_LOADER = "$(TEST_HOST)";
				CODE_SIGN_STYLE = Automatic;
				DEVELOPMENT_TEAM = WMVPATM78R;
				INFOPLIST_FILE = RuntimeDemoTests/Info.plist;
				IPHONEOS_DEPLOYMENT_TARGET = 13.0;
				LD_RUNPATH_SEARCH_PATHS = (
					"$(inherited)",
					"@executable_path/Frameworks",
					"@loader_path/Frameworks",
				);
				PRODUCT_BUNDLE_IDENTIFIER = tayo.com.RuntimeDemoTests;
				PRODUCT_NAME = "$(TARGET_NAME)";
				TARGETED_DEVICE_FAMILY = "1,2";
				TEST_HOST = "$(BUILT_PRODUCTS_DIR)/RuntimeDemo.app/RuntimeDemo";
			};
			name = Release;
		};
/* End XCBuildConfiguration section */

/* Begin XCConfigurationList section */
		4D50F20924ADCDE500CD0EE6 /* Build configuration list for PBXProject "RuntimeDemo" */ = {
			isa = XCConfigurationList;
			buildConfigurations = (
				4D50F23024ADCDE600CD0EE6 /* Debug */,
				4D50F23124ADCDE600CD0EE6 /* Release */,
			);
			defaultConfigurationIsVisible = 0;
			defaultConfigurationName = Release;
		};
		4D50F23224ADCDE600CD0EE6 /* Build configuration list for PBXNativeTarget "RuntimeDemo" */ = {
			isa = XCConfigurationList;
			buildConfigurations = (
				4D50F23324ADCDE600CD0EE6 /* Debug */,
				4D50F23424ADCDE600CD0EE6 /* Release */,
			);
			defaultConfigurationIsVisible = 0;
			defaultConfigurationName = Release;
		};
		4D50F23524ADCDE600CD0EE6 /* Build configuration list for PBXNativeTarget "RuntimeDemoTests" */ = {
			isa = XCConfigurationList;
			buildConfigurations = (
				4D50F23624ADCDE600CD0EE6 /* Debug */,
				4D50F23724ADCDE600CD0EE6 /* Release */,
			);
			defaultConfigurationIsVisible = 0;
			defaultConfigurationName = Release;
		};
/* End XCConfigurationList section */
	};
	rootObject = 4D50F20624ADCDE500CD0EE6 /* Project object */;
}
